// !$*UTF8*$!
{
	archiveVersion = 1;
	classes = {
	};
	objectVersion = 50;
	objects = {

/* Begin PBXBuildFile section */
		DD82EE6ED82494D5AEE1724D /* libPods-Flix2.a in Frameworks */ = {isa = PBXBuildFile; fileRef = 3028F70774657944CAB799AD /* libPods-Flix2.a */; };
		E8E9D7FD20E5589200913EDA /* AppDelegate.m in Sources */ = {isa = PBXBuildFile; fileRef = E8E9D7FC20E5589200913EDA /* AppDelegate.m */; };
		E8E9D80320E5589200913EDA /* Main.storyboard in Resources */ = {isa = PBXBuildFile; fileRef = E8E9D80120E5589200913EDA /* Main.storyboard */; };
		E8E9D80520E5589300913EDA /* Assets.xcassets in Resources */ = {isa = PBXBuildFile; fileRef = E8E9D80420E5589300913EDA /* Assets.xcassets */; };
		E8E9D80820E5589300913EDA /* LaunchScreen.storyboard in Resources */ = {isa = PBXBuildFile; fileRef = E8E9D80620E5589300913EDA /* LaunchScreen.storyboard */; };
		E8E9D80B20E5589300913EDA /* main.m in Sources */ = {isa = PBXBuildFile; fileRef = E8E9D80A20E5589300913EDA /* main.m */; };
		E8E9D81620E55D0100913EDA /* MovieCollectionViewController.m in Sources */ = {isa = PBXBuildFile; fileRef = E8E9D81520E55D0100913EDA /* MovieCollectionViewController.m */; };
		E8E9D81920E55D9C00913EDA /* MovieCollectionViewCell.m in Sources */ = {isa = PBXBuildFile; fileRef = E8E9D81820E55D9C00913EDA /* MovieCollectionViewCell.m */; };
/* End PBXBuildFile section */

/* Begin PBXFileReference section */
		1E70427D86F350BB2AAEB5CA /* Pods-Flix2.release.xcconfig */ = {isa = PBXFileReference; includeInIndex = 1; lastKnownFileType = text.xcconfig; name = "Pods-Flix2.release.xcconfig"; path = "Pods/Target Support Files/Pods-Flix2/Pods-Flix2.release.xcconfig"; sourceTree = "<group>"; };
		3028F70774657944CAB799AD /* libPods-Flix2.a */ = {isa = PBXFileReference; explicitFileType = archive.ar; includeInIndex = 0; path = "libPods-Flix2.a"; sourceTree = BUILT_PRODUCTS_DIR; };
		D0720B76123FEF645C5B1740 /* Pods-Flix2.debug.xcconfig */ = {isa = PBXFileReference; includeInIndex = 1; lastKnownFileType = text.xcconfig; name = "Pods-Flix2.debug.xcconfig"; path = "Pods/Target Support Files/Pods-Flix2/Pods-Flix2.debug.xcconfig"; sourceTree = "<group>"; };
		E8E9D7F820E5589200913EDA /* Flix2.app */ = {isa = PBXFileReference; explicitFileType = wrapper.application; includeInIndex = 0; path = Flix2.app; sourceTree = BUILT_PRODUCTS_DIR; };
		E8E9D7FB20E5589200913EDA /* AppDelegate.h */ = {isa = PBXFileReference; lastKnownFileType = sourcecode.c.h; path = AppDelegate.h; sourceTree = "<group>"; };
		E8E9D7FC20E5589200913EDA /* AppDelegate.m */ = {isa = PBXFileReference; lastKnownFileType = sourcecode.c.objc; path = AppDelegate.m; sourceTree = "<group>"; };
		E8E9D80220E5589200913EDA /* Base */ = {isa = PBXFileReference; lastKnownFileType = file.storyboard; name = Base; path = Base.lproj/Main.storyboard; sourceTree = "<group>"; };
		E8E9D80420E5589300913EDA /* Assets.xcassets */ = {isa = PBXFileReference; lastKnownFileType = folder.assetcatalog; path = Assets.xcassets; sourceTree = "<group>"; };
		E8E9D80720E5589300913EDA /* Base */ = {isa = PBXFileReference; lastKnownFileType = file.storyboard; name = Base; path = Base.lproj/LaunchScreen.storyboard; sourceTree = "<group>"; };
		E8E9D80920E5589300913EDA /* Info.plist */ = {isa = PBXFileReference; lastKnownFileType = text.plist.xml; path = Info.plist; sourceTree = "<group>"; };
		E8E9D80A20E5589300913EDA /* main.m */ = {isa = PBXFileReference; lastKnownFileType = sourcecode.c.objc; path = main.m; sourceTree = "<group>"; };
		E8E9D81420E55D0100913EDA /* MovieCollectionViewController.h */ = {isa = PBXFileReference; lastKnownFileType = sourcecode.c.h; path = MovieCollectionViewController.h; sourceTree = "<group>"; };
		E8E9D81520E55D0100913EDA /* MovieCollectionViewController.m */ = {isa = PBXFileReference; lastKnownFileType = sourcecode.c.objc; path = MovieCollectionViewController.m; sourceTree = "<group>"; };
		E8E9D81720E55D9C00913EDA /* MovieCollectionViewCell.h */ = {isa = PBXFileReference; lastKnownFileType = sourcecode.c.h; path = MovieCollectionViewCell.h; sourceTree = "<group>"; };
		E8E9D81820E55D9C00913EDA /* MovieCollectionViewCell.m */ = {isa = PBXFileReference; lastKnownFileType = sourcecode.c.objc; path = MovieCollectionViewCell.m; sourceTree = "<group>"; };
/* End PBXFileReference section */

/* Begin PBXFrameworksBuildPhase section */
		E8E9D7F520E5589200913EDA /* Frameworks */ = {
			isa = PBXFrameworksBuildPhase;
			buildActionMask = 2147483647;
			files = (
				DD82EE6ED82494D5AEE1724D /* libPods-Flix2.a in Frameworks */,
			);
			runOnlyForDeploymentPostprocessing = 0;
		};
/* End PBXFrameworksBuildPhase section */

/* Begin PBXGroup section */
		0F5033903F0C7E03DA66965B /* Pods */ = {
			isa = PBXGroup;
			children = (
				D0720B76123FEF645C5B1740 /* Pods-Flix2.debug.xcconfig */,
				1E70427D86F350BB2AAEB5CA /* Pods-Flix2.release.xcconfig */,
			);
			name = Pods;
			sourceTree = "<group>";
		};
		E8E9D7EF20E5589200913EDA = {
			isa = PBXGroup;
			children = (
				E8E9D7FA20E5589200913EDA /* Flix2 */,
				E8E9D7F920E5589200913EDA /* Products */,
				0F5033903F0C7E03DA66965B /* Pods */,
				F99BA478E3AED0E4B2991C06 /* Frameworks */,
			);
			sourceTree = "<group>";
		};
		E8E9D7F920E5589200913EDA /* Products */ = {
			isa = PBXGroup;
			children = (
				E8E9D7F820E5589200913EDA /* Flix2.app */,
			);
			name = Products;
			sourceTree = "<group>";
		};
		E8E9D7FA20E5589200913EDA /* Flix2 */ = {
			isa = PBXGroup;
			children = (
				E8E9D81320E55CB000913EDA /* Controllers */,
				E8E9D81220E55CA600913EDA /* Views */,
				E8E9D81120E55C6A00913EDA /* Models */,
				E8E9D7FB20E5589200913EDA /* AppDelegate.h */,
				E8E9D7FC20E5589200913EDA /* AppDelegate.m */,
				E8E9D80120E5589200913EDA /* Main.storyboard */,
				E8E9D80420E5589300913EDA /* Assets.xcassets */,
				E8E9D80620E5589300913EDA /* LaunchScreen.storyboard */,
				E8E9D80920E5589300913EDA /* Info.plist */,
				E8E9D80A20E5589300913EDA /* main.m */,
			);
			path = Flix2;
			sourceTree = "<group>";
		};
		E8E9D81120E55C6A00913EDA /* Models */ = {
			isa = PBXGroup;
			children = (
			);
			path = Models;
			sourceTree = "<group>";
		};
		E8E9D81220E55CA600913EDA /* Views */ = {
			isa = PBXGroup;
			children = (
				E8E9D81720E55D9C00913EDA /* MovieCollectionViewCell.h */,
				E8E9D81820E55D9C00913EDA /* MovieCollectionViewCell.m */,
			);
			path = Views;
			sourceTree = "<group>";
		};
		E8E9D81320E55CB000913EDA /* Controllers */ = {
			isa = PBXGroup;
			children = (
				E8E9D81420E55D0100913EDA /* MovieCollectionViewController.h */,
				E8E9D81520E55D0100913EDA /* MovieCollectionViewController.m */,
			);
			path = Controllers;
			sourceTree = "<group>";
		};
		F99BA478E3AED0E4B2991C06 /* Frameworks */ = {
			isa = PBXGroup;
			children = (
				3028F70774657944CAB799AD /* libPods-Flix2.a */,
			);
			name = Frameworks;
			sourceTree = "<group>";
		};
/* End PBXGroup section */

/* Begin PBXNativeTarget section */
		E8E9D7F720E5589200913EDA /* Flix2 */ = {
			isa = PBXNativeTarget;
			buildConfigurationList = E8E9D80E20E5589300913EDA /* Build configuration list for PBXNativeTarget "Flix2" */;
			buildPhases = (
				17B92E01F756AA673024CF17 /* [CP] Check Pods Manifest.lock */,
				E8E9D7F420E5589200913EDA /* Sources */,
				E8E9D7F520E5589200913EDA /* Frameworks */,
				E8E9D7F620E5589200913EDA /* Resources */,
			);
			buildRules = (
			);
			dependencies = (
			);
			name = Flix2;
			productName = Flix2;
			productReference = E8E9D7F820E5589200913EDA /* Flix2.app */;
			productType = "com.apple.product-type.application";
		};
/* End PBXNativeTarget section */

/* Begin PBXProject section */
		E8E9D7F020E5589200913EDA /* Project object */ = {
			isa = PBXProject;
			attributes = {
				LastUpgradeCheck = 0940;
				ORGANIZATIONNAME = codepath;
				TargetAttributes = {
					E8E9D7F720E5589200913EDA = {
						CreatedOnToolsVersion = 9.4.1;
					};
				};
			};
			buildConfigurationList = E8E9D7F320E5589200913EDA /* Build configuration list for PBXProject "Flix2" */;
			compatibilityVersion = "Xcode 9.3";
			developmentRegion = en;
			hasScannedForEncodings = 0;
			knownRegions = (
				en,
				Base,
			);
			mainGroup = E8E9D7EF20E5589200913EDA;
			productRefGroup = E8E9D7F920E5589200913EDA /* Products */;
			projectDirPath = "";
			projectRoot = "";
			targets = (
				E8E9D7F720E5589200913EDA /* Flix2 */,
			);
		};
/* End PBXProject section */

/* Begin PBXResourcesBuildPhase section */
		E8E9D7F620E5589200913EDA /* Resources */ = {
			isa = PBXResourcesBuildPhase;
			buildActionMask = 2147483647;
			files = (
				E8E9D80820E5589300913EDA /* LaunchScreen.storyboard in Resources */,
				E8E9D80520E5589300913EDA /* Assets.xcassets in Resources */,
				E8E9D80320E5589200913EDA /* Main.storyboard in Resources */,
			);
			runOnlyForDeploymentPostprocessing = 0;
		};
/* End PBXResourcesBuildPhase section */

/* Begin PBXShellScriptBuildPhase section */
		17B92E01F756AA673024CF17 /* [CP] Check Pods Manifest.lock */ = {
			isa = PBXShellScriptBuildPhase;
			buildActionMask = 2147483647;
			files = (
			);
			inputPaths = (
				"${PODS_PODFILE_DIR_PATH}/Podfile.lock",
				"${PODS_ROOT}/Manifest.lock",
			);
			name = "[CP] Check Pods Manifest.lock";
			outputPaths = (
				"$(DERIVED_FILE_DIR)/Pods-Flix2-checkManifestLockResult.txt",
			);
			runOnlyForDeploymentPostprocessing = 0;
			shellPath = /bin/sh;
			shellScript = "diff \"${PODS_PODFILE_DIR_PATH}/Podfile.lock\" \"${PODS_ROOT}/Manifest.lock\" > /dev/null\nif [ $? != 0 ] ; then\n    # print error to STDERR\n    echo \"error: The sandbox is not in sync with the Podfile.lock. Run 'pod install' or update your CocoaPods installation.\" >&2\n    exit 1\nfi\n# This output is used by Xcode 'outputs' to avoid re-running this script phase.\necho \"SUCCESS\" > \"${SCRIPT_OUTPUT_FILE_0}\"\n";
			showEnvVarsInLog = 0;
		};
/* End PBXShellScriptBuildPhase section */

/* Begin PBXSourcesBuildPhase section */
		E8E9D7F420E5589200913EDA /* Sources */ = {
			isa = PBXSourcesBuildPhase;
			buildActionMask = 2147483647;
			files = (
				E8E9D80B20E5589300913EDA /* main.m in Sources */,
				E8E9D7FD20E5589200913EDA /* AppDelegate.m in Sources */,
				E8E9D81620E55D0100913EDA /* MovieCollectionViewController.m in Sources */,
				E8E9D81920E55D9C00913EDA /* MovieCollectionViewCell.m in Sources */,
			);
			runOnlyForDeploymentPostprocessing = 0;
		};
/* End PBXSourcesBuildPhase section */

/* Begin PBXVariantGroup section */
		E8E9D80120E5589200913EDA /* Main.storyboard */ = {
			isa = PBXVariantGroup;
			children = (
				E8E9D80220E5589200913EDA /* Base */,
			);
			name = Main.storyboard;
			sourceTree = "<group>";
		};
		E8E9D80620E5589300913EDA /* LaunchScreen.storyboard */ = {
			isa = PBXVariantGroup;
			children = (
				E8E9D80720E5589300913EDA /* Base */,
			);
			name = LaunchScreen.storyboard;
			sourceTree = "<group>";
		};
/* End PBXVariantGroup section */

/* Begin XCBuildConfiguration section */
		E8E9D80C20E5589300913EDA /* Debug */ = {
			isa = XCBuildConfiguration;
			buildSettings = {
				ALWAYS_SEARCH_USER_PATHS = NO;
				CLANG_ANALYZER_NONNULL = YES;
				CLANG_ANALYZER_NUMBER_OBJECT_CONVERSION = YES_AGGRESSIVE;
				CLANG_CXX_LANGUAGE_STANDARD = "gnu++14";
				CLANG_CXX_LIBRARY = "libc++";
				CLANG_ENABLE_MODULES = YES;
				CLANG_ENABLE_OBJC_ARC = YES;
				CLANG_ENABLE_OBJC_WEAK = YES;
				CLANG_WARN_BLOCK_CAPTURE_AUTORELEASING = YES;
				CLANG_WARN_BOOL_CONVERSION = YES;
				CLANG_WARN_COMMA = YES;
				CLANG_WARN_CONSTANT_CONVERSION = YES;
				CLANG_WARN_DEPRECATED_OBJC_IMPLEMENTATIONS = YES;
				CLANG_WARN_DIRECT_OBJC_ISA_USAGE = YES_ERROR;
				CLANG_WARN_DOCUMENTATION_COMMENTS = YES;
				CLANG_WARN_EMPTY_BODY = YES;
				CLANG_WARN_ENUM_CONVERSION = YES;
				CLANG_WARN_INFINITE_RECURSION = YES;
				CLANG_WARN_INT_CONVERSION = YES;
				CLANG_WARN_NON_LITERAL_NULL_CONVERSION = YES;
				CLANG_WARN_OBJC_IMPLICIT_RETAIN_SELF = YES;
				CLANG_WARN_OBJC_LITERAL_CONVERSION = YES;
				CLANG_WARN_OBJC_ROOT_CLASS = YES_ERROR;
				CLANG_WARN_RANGE_LOOP_ANALYSIS = YES;
				CLANG_WARN_STRICT_PROTOTYPES = YES;
				CLANG_WARN_SUSPICIOUS_MOVE = YES;
				CLANG_WARN_UNGUARDED_AVAILABILITY = YES_AGGRESSIVE;
				CLANG_WARN_UNREACHABLE_CODE = YES;
				CLANG_WARN__DUPLICATE_METHOD_MATCH = YES;
				CODE_SIGN_IDENTITY = "iPhone Developer";
				COPY_PHASE_STRIP = NO;
				DEBUG_INFORMATION_FORMAT = dwarf;
				ENABLE_STRICT_OBJC_MSGSEND = YES;
				ENABLE_TESTABILITY = YES;
				GCC_C_LANGUAGE_STANDARD = gnu11;
				GCC_DYNAMIC_NO_PIC = NO;
				GCC_NO_COMMON_BLOCKS = YES;
				GCC_OPTIMIZATION_LEVEL = 0;
				GCC_PREPROCESSOR_DEFINITIONS = (
					"DEBUG=1",
					"$(inherited)",
				);
				GCC_WARN_64_TO_32_BIT_CONVERSION = YES;
				GCC_WARN_ABOUT_RETURN_TYPE = YES_ERROR;
				GCC_WARN_UNDECLARED_SELECTOR = YES;
				GCC_WARN_UNINITIALIZED_AUTOS = YES_AGGRESSIVE;
				GCC_WARN_UNUSED_FUNCTION = YES;
				GCC_WARN_UNUSED_VARIABLE = YES;
				IPHONEOS_DEPLOYMENT_TARGET = 11.4;
				MTL_ENABLE_DEBUG_INFO = YES;
				ONLY_ACTIVE_ARCH = YES;
				SDKROOT = iphoneos;
			};
			name = Debug;
		};
		E8E9D80D20E5589300913EDA /* Release */ = {
			isa = XCBuildConfiguration;
			buildSettings = {
				ALWAYS_SEARCH_USER_PATHS = NO;
				CLANG_ANALYZER_NONNULL = YES;
				CLANG_ANALYZER_NUMBER_OBJECT_CONVERSION = YES_AGGRESSIVE;
				CLANG_CXX_LANGUAGE_STANDARD = "gnu++14";
				CLANG_CXX_LIBRARY = "libc++";
				CLANG_ENABLE_MODULES = YES;
				CLANG_ENABLE_OBJC_ARC = YES;
				CLANG_ENABLE_OBJC_WEAK = YES;
				CLANG_WARN_BLOCK_CAPTURE_AUTORELEASING = YES;
				CLANG_WARN_BOOL_CONVERSION = YES;
				CLANG_WARN_COMMA = YES;
				CLANG_WARN_CONSTANT_CONVERSION = YES;
				CLANG_WARN_DEPRECATED_OBJC_IMPLEMENTATIONS = YES;
				CLANG_WARN_DIRECT_OBJC_ISA_USAGE = YES_ERROR;
				CLANG_WARN_DOCUMENTATION_COMMENTS = YES;
				CLANG_WARN_EMPTY_BODY = YES;
				CLANG_WARN_ENUM_CONVERSION = YES;
				CLANG_WARN_INFINITE_RECURSION = YES;
				CLANG_WARN_INT_CONVERSION = YES;
				CLANG_WARN_NON_LITERAL_NULL_CONVERSION = YES;
				CLANG_WARN_OBJC_IMPLICIT_RETAIN_SELF = YES;
				CLANG_WARN_OBJC_LITERAL_CONVERSION = YES;
				CLANG_WARN_OBJC_ROOT_CLASS = YES_ERROR;
				CLANG_WARN_RANGE_LOOP_ANALYSIS = YES;
				CLANG_WARN_STRICT_PROTOTYPES = YES;
				CLANG_WARN_SUSPICIOUS_MOVE = YES;
				CLANG_WARN_UNGUARDED_AVAILABILITY = YES_AGGRESSIVE;
				CLANG_WARN_UNREACHABLE_CODE = YES;
				CLANG_WARN__DUPLICATE_METHOD_MATCH = YES;
				CODE_SIGN_IDENTITY = "iPhone Developer";
				COPY_PHASE_STRIP = NO;
				DEBUG_INFORMATION_FORMAT = "dwarf-with-dsym";
				ENABLE_NS_ASSERTIONS = NO;
				ENABLE_STRICT_OBJC_MSGSEND = YES;
				GCC_C_LANGUAGE_STANDARD = gnu11;
				GCC_NO_COMMON_BLOCKS = YES;
				GCC_WARN_64_TO_32_BIT_CONVERSION = YES;
				GCC_WARN_ABOUT_RETURN_TYPE = YES_ERROR;
				GCC_WARN_UNDECLARED_SELECTOR = YES;
				GCC_WARN_UNINITIALIZED_AUTOS = YES_AGGRESSIVE;
				GCC_WARN_UNUSED_FUNCTION = YES;
				GCC_WARN_UNUSED_VARIABLE = YES;
				IPHONEOS_DEPLOYMENT_TARGET = 11.4;
				MTL_ENABLE_DEBUG_INFO = NO;
				SDKROOT = iphoneos;
				VALIDATE_PRODUCT = YES;
			};
			name = Release;
		};
		E8E9D80F20E5589300913EDA /* Debug */ = {
			isa = XCBuildConfiguration;
			baseConfigurationReference = D0720B76123FEF645C5B1740 /* Pods-Flix2.debug.xcconfig */;
			buildSettings = {
				ASSETCATALOG_COMPILER_APPICON_NAME = AppIcon;
				CODE_SIGN_STYLE = Automatic;
				DEVELOPMENT_TEAM = HTXQ3R7868;
				INFOPLIST_FILE = Flix2/Info.plist;
				LD_RUNPATH_SEARCH_PATHS = (
					"$(inherited)",
					"@executable_path/Frameworks",
				);
				PRODUCT_BUNDLE_IDENTIFIER = com.codepath.Flix2;
				PRODUCT_NAME = "$(TARGET_NAME)";
				TARGETED_DEVICE_FAMILY = "1,2";
			};
			name = Debug;
		};
		E8E9D81020E5589300913EDA /* Release */ = {
			isa = XCBuildConfiguration;
			baseConfigurationReference = 1E70427D86F350BB2AAEB5CA /* Pods-Flix2.release.xcconfig */;
			buildSettings = {
				ASSETCATALOG_COMPILER_APPICON_NAME = AppIcon;
				CODE_SIGN_STYLE = Automatic;
				DEVELOPMENT_TEAM = HTXQ3R7868;
				INFOPLIST_FILE = Flix2/Info.plist;
				LD_RUNPATH_SEARCH_PATHS = (
					"$(inherited)",
					"@executable_path/Frameworks",
				);
				PRODUCT_BUNDLE_IDENTIFIER = com.codepath.Flix2;
				PRODUCT_NAME = "$(TARGET_NAME)";
				TARGETED_DEVICE_FAMILY = "1,2";
			};
			name = Release;
		};
/* End XCBuildConfiguration section */

/* Begin XCConfigurationList section */
		E8E9D7F320E5589200913EDA /* Build configuration list for PBXProject "Flix2" */ = {
			isa = XCConfigurationList;
			buildConfigurations = (
				E8E9D80C20E5589300913EDA /* Debug */,
				E8E9D80D20E5589300913EDA /* Release */,
			);
			defaultConfigurationIsVisible = 0;
			defaultConfigurationName = Release;
		};
		E8E9D80E20E5589300913EDA /* Build configuration list for PBXNativeTarget "Flix2" */ = {
			isa = XCConfigurationList;
			buildConfigurations = (
				E8E9D80F20E5589300913EDA /* Debug */,
				E8E9D81020E5589300913EDA /* Release */,
			);
			defaultConfigurationIsVisible = 0;
			defaultConfigurationName = Release;
		};
/* End XCConfigurationList section */
	};
	rootObject = E8E9D7F020E5589200913EDA /* Project object */;
}
